// !$*UTF8*$!
{
	archiveVersion = 1;
	classes = {
	};
	objectVersion = 50;
	objects = {

/* Begin PBXBuildFile section */
		BE531B6126B95523007028F1 /* AppDelegate.swift in Sources */ = {isa = PBXBuildFile; fileRef = BE531B6026B95523007028F1 /* AppDelegate.swift */; };
		BE531B6326B95523007028F1 /* SceneDelegate.swift in Sources */ = {isa = PBXBuildFile; fileRef = BE531B6226B95523007028F1 /* SceneDelegate.swift */; };
		BE531B6526B95523007028F1 /* ViewController.swift in Sources */ = {isa = PBXBuildFile; fileRef = BE531B6426B95523007028F1 /* ViewController.swift */; };
		BE531B6826B95523007028F1 /* Main.storyboard in Resources */ = {isa = PBXBuildFile; fileRef = BE531B6626B95523007028F1 /* Main.storyboard */; };
		BE531B6A26B95528007028F1 /* Assets.xcassets in Resources */ = {isa = PBXBuildFile; fileRef = BE531B6926B95528007028F1 /* Assets.xcassets */; };
		BE531B6D26B95528007028F1 /* LaunchScreen.storyboard in Resources */ = {isa = PBXBuildFile; fileRef = BE531B6B26B95528007028F1 /* LaunchScreen.storyboard */; };
		BE531B7826B95529007028F1 /* Im_PoorTests.swift in Sources */ = {isa = PBXBuildFile; fileRef = BE531B7726B95529007028F1 /* Im_PoorTests.swift */; };
		BE531B8326B95529007028F1 /* Im_PoorUITests.swift in Sources */ = {isa = PBXBuildFile; fileRef = BE531B8226B95529007028F1 /* Im_PoorUITests.swift */; };
/* End PBXBuildFile section */

/* Begin PBXContainerItemProxy section */
		BE531B7426B95529007028F1 /* PBXContainerItemProxy */ = {
			isa = PBXContainerItemProxy;
			containerPortal = BE531B5526B95523007028F1 /* Project object */;
			proxyType = 1;
			remoteGlobalIDString = BE531B5C26B95523007028F1;
			remoteInfo = "Im Poor";
		};
		BE531B7F26B95529007028F1 /* PBXContainerItemProxy */ = {
			isa = PBXContainerItemProxy;
			containerPortal = BE531B5526B95523007028F1 /* Project object */;
			proxyType = 1;
			remoteGlobalIDString = BE531B5C26B95523007028F1;
			remoteInfo = "Im Poor";
		};
/* End PBXContainerItemProxy section */

/* Begin PBXFileReference section */
		BE531B5D26B95523007028F1 /* Im Poor.app */ = {isa = PBXFileReference; explicitFileType = wrapper.application; includeInIndex = 0; path = "Im Poor.app"; sourceTree = BUILT_PRODUCTS_DIR; };
		BE531B6026B95523007028F1 /* AppDelegate.swift */ = {isa = PBXFileReference; lastKnownFileType = sourcecode.swift; path = AppDelegate.swift; sourceTree = "<group>"; };
		BE531B6226B95523007028F1 /* SceneDelegate.swift */ = {isa = PBXFileReference; lastKnownFileType = sourcecode.swift; path = SceneDelegate.swift; sourceTree = "<group>"; };
		BE531B6426B95523007028F1 /* ViewController.swift */ = {isa = PBXFileReference; lastKnownFileType = sourcecode.swift; path = ViewController.swift; sourceTree = "<group>"; };
		BE531B6726B95523007028F1 /* Base */ = {isa = PBXFileReference; lastKnownFileType = file.storyboard; name = Base; path = Base.lproj/Main.storyboard; sourceTree = "<group>"; };
		BE531B6926B95528007028F1 /* Assets.xcassets */ = {isa = PBXFileReference; lastKnownFileType = folder.assetcatalog; path = Assets.xcassets; sourceTree = "<group>"; };
		BE531B6C26B95528007028F1 /* Base */ = {isa = PBXFileReference; lastKnownFileType = file.storyboard; name = Base; path = Base.lproj/LaunchScreen.storyboard; sourceTree = "<group>"; };
		BE531B6E26B95528007028F1 /* Info.plist */ = {isa = PBXFileReference; lastKnownFileType = text.plist.xml; path = Info.plist; sourceTree = "<group>"; };
		BE531B7326B95529007028F1 /* Im PoorTests.xctest */ = {isa = PBXFileReference; explicitFileType = wrapper.cfbundle; includeInIndex = 0; path = "Im PoorTests.xctest"; sourceTree = BUILT_PRODUCTS_DIR; };
		BE531B7726B95529007028F1 /* Im_PoorTests.swift */ = {isa = PBXFileReference; lastKnownFileType = sourcecode.swift; path = Im_PoorTests.swift; sourceTree = "<group>"; };
		BE531B7926B95529007028F1 /* Info.plist */ = {isa = PBXFileReference; lastKnownFileType = text.plist.xml; path = Info.plist; sourceTree = "<group>"; };
		BE531B7E26B95529007028F1 /* Im PoorUITests.xctest */ = {isa = PBXFileReference; explicitFileType = wrapper.cfbundle; includeInIndex = 0; path = "Im PoorUITests.xctest"; sourceTree = BUILT_PRODUCTS_DIR; };
		BE531B8226B95529007028F1 /* Im_PoorUITests.swift */ = {isa = PBXFileReference; lastKnownFileType = sourcecode.swift; path = Im_PoorUITests.swift; sourceTree = "<group>"; };
		BE531B8426B95529007028F1 /* Info.plist */ = {isa = PBXFileReference; lastKnownFileType = text.plist.xml; path = Info.plist; sourceTree = "<group>"; };
/* End PBXFileReference section */

/* Begin PBXFrameworksBuildPhase section */
		BE531B5A26B95523007028F1 /* Frameworks */ = {
			isa = PBXFrameworksBuildPhase;
			buildActionMask = 2147483647;
			files = (
			);
			runOnlyForDeploymentPostprocessing = 0;
		};
		BE531B7026B95529007028F1 /* Frameworks */ = {
			isa = PBXFrameworksBuildPhase;
			buildActionMask = 2147483647;
			files = (
			);
			runOnlyForDeploymentPostprocessing = 0;
		};
		BE531B7B26B95529007028F1 /* Frameworks */ = {
			isa = PBXFrameworksBuildPhase;
			buildActionMask = 2147483647;
			files = (
			);
			runOnlyForDeploymentPostprocessing = 0;
		};
/* End PBXFrameworksBuildPhase section */

/* Begin PBXGroup section */
		BE531B5426B95523007028F1 = {
			isa = PBXGroup;
			children = (
				BE531B5F26B95523007028F1 /* Im Poor */,
				BE531B7626B95529007028F1 /* Im PoorTests */,
				BE531B8126B95529007028F1 /* Im PoorUITests */,
				BE531B5E26B95523007028F1 /* Products */,
			);
			sourceTree = "<group>";
		};
		BE531B5E26B95523007028F1 /* Products */ = {
			isa = PBXGroup;
			children = (
				BE531B5D26B95523007028F1 /* Im Poor.app */,
				BE531B7326B95529007028F1 /* Im PoorTests.xctest */,
				BE531B7E26B95529007028F1 /* Im PoorUITests.xctest */,
			);
			name = Products;
			sourceTree = "<group>";
		};
		BE531B5F26B95523007028F1 /* Im Poor */ = {
			isa = PBXGroup;
			children = (
				BE531B6026B95523007028F1 /* AppDelegate.swift */,
				BE531B6226B95523007028F1 /* SceneDelegate.swift */,
				BE531B6426B95523007028F1 /* ViewController.swift */,
				BE531B6626B95523007028F1 /* Main.storyboard */,
				BE531B6926B95528007028F1 /* Assets.xcassets */,
				BE531B6B26B95528007028F1 /* LaunchScreen.storyboard */,
				BE531B6E26B95528007028F1 /* Info.plist */,
			);
			path = "Im Poor";
			sourceTree = "<group>";
		};
		BE531B7626B95529007028F1 /* Im PoorTests */ = {
			isa = PBXGroup;
			children = (
				BE531B7726B95529007028F1 /* Im_PoorTests.swift */,
				BE531B7926B95529007028F1 /* Info.plist */,
			);
			path = "Im PoorTests";
			sourceTree = "<group>";
		};
		BE531B8126B95529007028F1 /* Im PoorUITests */ = {
			isa = PBXGroup;
			children = (
				BE531B8226B95529007028F1 /* Im_PoorUITests.swift */,
				BE531B8426B95529007028F1 /* Info.plist */,
			);
			path = "Im PoorUITests";
			sourceTree = "<group>";
		};
/* End PBXGroup section */

/* Begin PBXNativeTarget section */
		BE531B5C26B95523007028F1 /* Im Poor */ = {
			isa = PBXNativeTarget;
			buildConfigurationList = BE531B8726B95529007028F1 /* Build configuration list for PBXNativeTarget "Im Poor" */;
			buildPhases = (
				BE531B5926B95523007028F1 /* Sources */,
				BE531B5A26B95523007028F1 /* Frameworks */,
				BE531B5B26B95523007028F1 /* Resources */,
			);
			buildRules = (
			);
			dependencies = (
			);
			name = "Im Poor";
			productName = "Im Poor";
			productReference = BE531B5D26B95523007028F1 /* Im Poor.app */;
			productType = "com.apple.product-type.application";
		};
		BE531B7226B95529007028F1 /* Im PoorTests */ = {
			isa = PBXNativeTarget;
			buildConfigurationList = BE531B8A26B95529007028F1 /* Build configuration list for PBXNativeTarget "Im PoorTests" */;
			buildPhases = (
				BE531B6F26B95529007028F1 /* Sources */,
				BE531B7026B95529007028F1 /* Frameworks */,
				BE531B7126B95529007028F1 /* Resources */,
			);
			buildRules = (
			);
			dependencies = (
				BE531B7526B95529007028F1 /* PBXTargetDependency */,
			);
			name = "Im PoorTests";
			productName = "Im PoorTests";
			productReference = BE531B7326B95529007028F1 /* Im PoorTests.xctest */;
			productType = "com.apple.product-type.bundle.unit-test";
		};
		BE531B7D26B95529007028F1 /* Im PoorUITests */ = {
			isa = PBXNativeTarget;
			buildConfigurationList = BE531B8D26B95529007028F1 /* Build configuration list for PBXNativeTarget "Im PoorUITests" */;
			buildPhases = (
				BE531B7A26B95529007028F1 /* Sources */,
				BE531B7B26B95529007028F1 /* Frameworks */,
				BE531B7C26B95529007028F1 /* Resources */,
			);
			buildRules = (
			);
			dependencies = (
				BE531B8026B95529007028F1 /* PBXTargetDependency */,
			);
			name = "Im PoorUITests";
			productName = "Im PoorUITests";
			productReference = BE531B7E26B95529007028F1 /* Im PoorUITests.xctest */;
			productType = "com.apple.product-type.bundle.ui-testing";
		};
/* End PBXNativeTarget section */

/* Begin PBXProject section */
		BE531B5526B95523007028F1 /* Project object */ = {
			isa = PBXProject;
			attributes = {
				LastSwiftUpdateCheck = 1250;
				LastUpgradeCheck = 1250;
				TargetAttributes = {
					BE531B5C26B95523007028F1 = {
						CreatedOnToolsVersion = 12.5.1;
					};
					BE531B7226B95529007028F1 = {
						CreatedOnToolsVersion = 12.5.1;
						TestTargetID = BE531B5C26B95523007028F1;
					};
					BE531B7D26B95529007028F1 = {
						CreatedOnToolsVersion = 12.5.1;
						TestTargetID = BE531B5C26B95523007028F1;
					};
				};
			};
			buildConfigurationList = BE531B5826B95523007028F1 /* Build configuration list for PBXProject "Im Poor" */;
			compatibilityVersion = "Xcode 9.3";
			developmentRegion = en;
			hasScannedForEncodings = 0;
			knownRegions = (
				en,
				Base,
			);
			mainGroup = BE531B5426B95523007028F1;
			productRefGroup = BE531B5E26B95523007028F1 /* Products */;
			projectDirPath = "";
			projectRoot = "";
			targets = (
				BE531B5C26B95523007028F1 /* Im Poor */,
				BE531B7226B95529007028F1 /* Im PoorTests */,
				BE531B7D26B95529007028F1 /* Im PoorUITests */,
			);
		};
/* End PBXProject section */

/* Begin PBXResourcesBuildPhase section */
		BE531B5B26B95523007028F1 /* Resources */ = {
			isa = PBXResourcesBuildPhase;
			buildActionMask = 2147483647;
			files = (
				BE531B6D26B95528007028F1 /* LaunchScreen.storyboard in Resources */,
				BE531B6A26B95528007028F1 /* Assets.xcassets in Resources */,
				BE531B6826B95523007028F1 /* Main.storyboard in Resources */,
			);
			runOnlyForDeploymentPostprocessing = 0;
		};
		BE531B7126B95529007028F1 /* Resources */ = {
			isa = PBXResourcesBuildPhase;
			buildActionMask = 2147483647;
			files = (
			);
			runOnlyForDeploymentPostprocessing = 0;
		};
		BE531B7C26B95529007028F1 /* Resources */ = {
			isa = PBXResourcesBuildPhase;
			buildActionMask = 2147483647;
			files = (
			);
			runOnlyForDeploymentPostprocessing = 0;
		};
/* End PBXResourcesBuildPhase section */

/* Begin PBXSourcesBuildPhase section */
		BE531B5926B95523007028F1 /* Sources */ = {
			isa = PBXSourcesBuildPhase;
			buildActionMask = 2147483647;
			files = (
				BE531B6526B95523007028F1 /* ViewController.swift in Sources */,
				BE531B6126B95523007028F1 /* AppDelegate.swift in Sources */,
				BE531B6326B95523007028F1 /* SceneDelegate.swift in Sources */,
			);
			runOnlyForDeploymentPostprocessing = 0;
		};
		BE531B6F26B95529007028F1 /* Sources */ = {
			isa = PBXSourcesBuildPhase;
			buildActionMask = 2147483647;
			files = (
				BE531B7826B95529007028F1 /* Im_PoorTests.swift in Sources */,
			);
			runOnlyForDeploymentPostprocessing = 0;
		};
		BE531B7A26B95529007028F1 /* Sources */ = {
			isa = PBXSourcesBuildPhase;
			buildActionMask = 2147483647;
			files = (
				BE531B8326B95529007028F1 /* Im_PoorUITests.swift in Sources */,
			);
			runOnlyForDeploymentPostprocessing = 0;
		};
/* End PBXSourcesBuildPhase section */

/* Begin PBXTargetDependency section */
		BE531B7526B95529007028F1 /* PBXTargetDependency */ = {
			isa = PBXTargetDependency;
			target = BE531B5C26B95523007028F1 /* Im Poor */;
			targetProxy = BE531B7426B95529007028F1 /* PBXContainerItemProxy */;
		};
		BE531B8026B95529007028F1 /* PBXTargetDependency */ = {
			isa = PBXTargetDependency;
			target = BE531B5C26B95523007028F1 /* Im Poor */;
			targetProxy = BE531B7F26B95529007028F1 /* PBXContainerItemProxy */;
		};
/* End PBXTargetDependency section */

/* Begin PBXVariantGroup section */
		BE531B6626B95523007028F1 /* Main.storyboard */ = {
			isa = PBXVariantGroup;
			children = (
				BE531B6726B95523007028F1 /* Base */,
			);
			name = Main.storyboard;
			sourceTree = "<group>";
		};
		BE531B6B26B95528007028F1 /* LaunchScreen.storyboard */ = {
			isa = PBXVariantGroup;
			children = (
				BE531B6C26B95528007028F1 /* Base */,
			);
			name = LaunchScreen.storyboard;
			sourceTree = "<group>";
		};
/* End PBXVariantGroup section */

/* Begin XCBuildConfiguration section */
		BE531B8526B95529007028F1 /* Debug */ = {
			isa = XCBuildConfiguration;
			buildSettings = {
				ALWAYS_SEARCH_USER_PATHS = NO;
				CLANG_ANALYZER_NONNULL = YES;
				CLANG_ANALYZER_NUMBER_OBJECT_CONVERSION = YES_AGGRESSIVE;
				CLANG_CXX_LANGUAGE_STANDARD = "gnu++14";
				CLANG_CXX_LIBRARY = "libc++";
				CLANG_ENABLE_MODULES = YES;
				CLANG_ENABLE_OBJC_ARC = YES;
				CLANG_ENABLE_OBJC_WEAK = YES;
				CLANG_WARN_BLOCK_CAPTURE_AUTORELEASING = YES;
				CLANG_WARN_BOOL_CONVERSION = YES;
				CLANG_WARN_COMMA = YES;
				CLANG_WARN_CONSTANT_CONVERSION = YES;
				CLANG_WARN_DEPRECATED_OBJC_IMPLEMENTATIONS = YES;
				CLANG_WARN_DIRECT_OBJC_ISA_USAGE = YES_ERROR;
				CLANG_WARN_DOCUMENTATION_COMMENTS = YES;
				CLANG_WARN_EMPTY_BODY = YES;
				CLANG_WARN_ENUM_CONVERSION = YES;
				CLANG_WARN_INFINITE_RECURSION = YES;
				CLANG_WARN_INT_CONVERSION = YES;
				CLANG_WARN_NON_LITERAL_NULL_CONVERSION = YES;
				CLANG_WARN_OBJC_IMPLICIT_RETAIN_SELF = YES;
				CLANG_WARN_OBJC_LITERAL_CONVERSION = YES;
				CLANG_WARN_OBJC_ROOT_CLASS = YES_ERROR;
				CLANG_WARN_QUOTED_INCLUDE_IN_FRAMEWORK_HEADER = YES;
				CLANG_WARN_RANGE_LOOP_ANALYSIS = YES;
				CLANG_WARN_STRICT_PROTOTYPES = YES;
				CLANG_WARN_SUSPICIOUS_MOVE = YES;
				CLANG_WARN_UNGUARDED_AVAILABILITY = YES_AGGRESSIVE;
				CLANG_WARN_UNREACHABLE_CODE = YES;
				CLANG_WARN__DUPLICATE_METHOD_MATCH = YES;
				COPY_PHASE_STRIP = NO;
				DEBUG_INFORMATION_FORMAT = dwarf;
				ENABLE_STRICT_OBJC_MSGSEND = YES;
				ENABLE_TESTABILITY = YES;
				GCC_C_LANGUAGE_STANDARD = gnu11;
				GCC_DYNAMIC_NO_PIC = NO;
				GCC_NO_COMMON_BLOCKS = YES;
				GCC_OPTIMIZATION_LEVEL = 0;
				GCC_PREPROCESSOR_DEFINITIONS = (
					"DEBUG=1",
					"$(inherited)",
				);
				GCC_WARN_64_TO_32_BIT_CONVERSION = YES;
				GCC_WARN_ABOUT_RETURN_TYPE = YES_ERROR;
				GCC_WARN_UNDECLARED_SELECTOR = YES;
				GCC_WARN_UNINITIALIZED_AUTOS = YES_AGGRESSIVE;
				GCC_WARN_UNUSED_FUNCTION = YES;
				GCC_WARN_UNUSED_VARIABLE = YES;
				IPHONEOS_DEPLOYMENT_TARGET = 14.5;
				MTL_ENABLE_DEBUG_INFO = INCLUDE_SOURCE;
				MTL_FAST_MATH = YES;
				ONLY_ACTIVE_ARCH = YES;
				SDKROOT = iphoneos;
				SWIFT_ACTIVE_COMPILATION_CONDITIONS = DEBUG;
				SWIFT_OPTIMIZATION_LEVEL = "-Onone";
			};
			name = Debug;
		};
		BE531B8626B95529007028F1 /* Release */ = {
			isa = XCBuildConfiguration;
			buildSettings = {
				ALWAYS_SEARCH_USER_PATHS = NO;
				CLANG_ANALYZER_NONNULL = YES;
				CLANG_ANALYZER_NUMBER_OBJECT_CONVERSION = YES_AGGRESSIVE;
				CLANG_CXX_LANGUAGE_STANDARD = "gnu++14";
				CLANG_CXX_LIBRARY = "libc++";
				CLANG_ENABLE_MODULES = YES;
				CLANG_ENABLE_OBJC_ARC = YES;
				CLANG_ENABLE_OBJC_WEAK = YES;
				CLANG_WARN_BLOCK_CAPTURE_AUTORELEASING = YES;
				CLANG_WARN_BOOL_CONVERSION = YES;
				CLANG_WARN_COMMA = YES;
				CLANG_WARN_CONSTANT_CONVERSION = YES;
				CLANG_WARN_DEPRECATED_OBJC_IMPLEMENTATIONS = YES;
				CLANG_WARN_DIRECT_OBJC_ISA_USAGE = YES_ERROR;
				CLANG_WARN_DOCUMENTATION_COMMENTS = YES;
				CLANG_WARN_EMPTY_BODY = YES;
				CLANG_WARN_ENUM_CONVERSION = YES;
				CLANG_WARN_INFINITE_RECURSION = YES;
				CLANG_WARN_INT_CONVERSION = YES;
				CLANG_WARN_NON_LITERAL_NULL_CONVERSION = YES;
				CLANG_WARN_OBJC_IMPLICIT_RETAIN_SELF = YES;
				CLANG_WARN_OBJC_LITERAL_CONVERSION = YES;
				CLANG_WARN_OBJC_ROOT_CLASS = YES_ERROR;
				CLANG_WARN_QUOTED_INCLUDE_IN_FRAMEWORK_HEADER = YES;
				CLANG_WARN_RANGE_LOOP_ANALYSIS = YES;
				CLANG_WARN_STRICT_PROTOTYPES = YES;
				CLANG_WARN_SUSPICIOUS_MOVE = YES;
				CLANG_WARN_UNGUARDED_AVAILABILITY = YES_AGGRESSIVE;
				CLANG_WARN_UNREACHABLE_CODE = YES;
				CLANG_WARN__DUPLICATE_METHOD_MATCH = YES;
				COPY_PHASE_STRIP = NO;
				DEBUG_INFORMATION_FORMAT = "dwarf-with-dsym";
				ENABLE_NS_ASSERTIONS = NO;
				ENABLE_STRICT_OBJC_MSGSEND = YES;
				GCC_C_LANGUAGE_STANDARD = gnu11;
				GCC_NO_COMMON_BLOCKS = YES;
				GCC_WARN_64_TO_32_BIT_CONVERSION = YES;
				GCC_WARN_ABOUT_RETURN_TYPE = YES_ERROR;
				GCC_WARN_UNDECLARED_SELECTOR = YES;
				GCC_WARN_UNINITIALIZED_AUTOS = YES_AGGRESSIVE;
				GCC_WARN_UNUSED_FUNCTION = YES;
				GCC_WARN_UNUSED_VARIABLE = YES;
				IPHONEOS_DEPLOYMENT_TARGET = 14.5;
				MTL_ENABLE_DEBUG_INFO = NO;
				MTL_FAST_MATH = YES;
				SDKROOT = iphoneos;
				SWIFT_COMPILATION_MODE = wholemodule;
				SWIFT_OPTIMIZATION_LEVEL = "-O";
				VALIDATE_PRODUCT = YES;
			};
			name = Release;
		};
		BE531B8826B95529007028F1 /* Debug */ = {
			isa = XCBuildConfiguration;
			buildSettings = {
				ASSETCATALOG_COMPILER_APPICON_NAME = AppIcon;
				ASSETCATALOG_COMPILER_GLOBAL_ACCENT_COLOR_NAME = AccentColor;
				CODE_SIGN_STYLE = Automatic;
				INFOPLIST_FILE = "Im Poor/Info.plist";
				IPHONEOS_DEPLOYMENT_TARGET = 13.0;
				LD_RUNPATH_SEARCH_PATHS = (
					"$(inherited)",
					"@executable_path/Frameworks",
				);
				PRODUCT_BUNDLE_IDENTIFIER = "com.kaandai.Im-Poor";
				PRODUCT_NAME = "$(TARGET_NAME)";
				SWIFT_VERSION = 5.0;
				TARGETED_DEVICE_FAMILY = "1,2";
			};
			name = Debug;
		};
		BE531B8926B95529007028F1 /* Release */ = {
			isa = XCBuildConfiguration;
			buildSettings = {
				ASSETCATALOG_COMPILER_APPICON_NAME = AppIcon;
				ASSETCATALOG_COMPILER_GLOBAL_ACCENT_COLOR_NAME = AccentColor;
				CODE_SIGN_STYLE = Automatic;
				INFOPLIST_FILE = "Im Poor/Info.plist";
				IPHONEOS_DEPLOYMENT_TARGET = 13.0;
				LD_RUNPATH_SEARCH_PATHS = (
					"$(inherited)",
					"@executable_path/Frameworks",
				);
				PRODUCT_BUNDLE_IDENTIFIER = "com.kaandai.Im-Poor";
				PRODUCT_NAME = "$(TARGET_NAME)";
				SWIFT_VERSION = 5.0;
				TARGETED_DEVICE_FAMILY = "1,2";
			};
			name = Release;
		};
		BE531B8B26B95529007028F1 /* Debug */ = {
			isa = XCBuildConfiguration;
			buildSettings = {
				ALWAYS_EMBED_SWIFT_STANDARD_LIBRARIES = YES;
				BUNDLE_LOADER = "$(TEST_HOST)";
				CODE_SIGN_STYLE = Automatic;
				INFOPLIST_FILE = "Im PoorTests/Info.plist";
				IPHONEOS_DEPLOYMENT_TARGET = 14.5;
				LD_RUNPATH_SEARCH_PATHS = (
					"$(inherited)",
					"@executable_path/Frameworks",
					"@loader_path/Frameworks",
				);
				PRODUCT_BUNDLE_IDENTIFIER = "com.kaandai.Im-PoorTests";
				PRODUCT_NAME = "$(TARGET_NAME)";
				SWIFT_VERSION = 5.0;
				TARGETED_DEVICE_FAMILY = "1,2";
				TEST_HOST = "$(BUILT_PRODUCTS_DIR)/Im Poor.app/Im Poor";
			};
			name = Debug;
		};
		BE531B8C26B95529007028F1 /* Release */ = {
			isa = XCBuildConfiguration;
			buildSettings = {
				ALWAYS_EMBED_SWIFT_STANDARD_LIBRARIES = YES;
				BUNDLE_LOADER = "$(TEST_HOST)";
				CODE_SIGN_STYLE = Automatic;
				INFOPLIST_FILE = "Im PoorTests/Info.plist";
				IPHONEOS_DEPLOYMENT_TARGET = 14.5;
				LD_RUNPATH_SEARCH_PATHS = (
					"$(inherited)",
					"@executable_path/Frameworks",
					"@loader_path/Frameworks",
				);
				PRODUCT_BUNDLE_IDENTIFIER = "com.kaandai.Im-PoorTests";
				PRODUCT_NAME = "$(TARGET_NAME)";
				SWIFT_VERSION = 5.0;
				TARGETED_DEVICE_FAMILY = "1,2";
				TEST_HOST = "$(BUILT_PRODUCTS_DIR)/Im Poor.app/Im Poor";
			};
			name = Release;
		};
		BE531B8E26B95529007028F1 /* Debug */ = {
			isa = XCBuildConfiguration;
			buildSettings = {
				ALWAYS_EMBED_SWIFT_STANDARD_LIBRARIES = YES;
				CODE_SIGN_STYLE = Automatic;
				INFOPLIST_FILE = "Im PoorUITests/Info.plist";
				LD_RUNPATH_SEARCH_PATHS = (
					"$(inherited)",
					"@executable_path/Frameworks",
					"@loader_path/Frameworks",
				);
				PRODUCT_BUNDLE_IDENTIFIER = "com.kaandai.Im-PoorUITests";
				PRODUCT_NAME = "$(TARGET_NAME)";
				SWIFT_VERSION = 5.0;
				TARGETED_DEVICE_FAMILY = "1,2";
				TEST_TARGET_NAME = "Im Poor";
			};
			name = Debug;
		};
		BE531B8F26B95529007028F1 /* Release */ = {
			isa = XCBuildConfiguration;
			buildSettings = {
				ALWAYS_EMBED_SWIFT_STANDARD_LIBRARIES = YES;
				CODE_SIGN_STYLE = Automatic;
				INFOPLIST_FILE = "Im PoorUITests/Info.plist";
				LD_RUNPATH_SEARCH_PATHS = (
					"$(inherited)",
					"@executable_path/Frameworks",
					"@loader_path/Frameworks",
				);
				PRODUCT_BUNDLE_IDENTIFIER = "com.kaandai.Im-PoorUITests";
				PRODUCT_NAME = "$(TARGET_NAME)";
				SWIFT_VERSION = 5.0;
				TARGETED_DEVICE_FAMILY = "1,2";
				TEST_TARGET_NAME = "Im Poor";
			};
			name = Release;
		};
/* End XCBuildConfiguration section */

/* Begin XCConfigurationList section */
		BE531B5826B95523007028F1 /* Build configuration list for PBXProject "Im Poor" */ = {
			isa = XCConfigurationList;
			buildConfigurations = (
				BE531B8526B95529007028F1 /* Debug */,
				BE531B8626B95529007028F1 /* Release */,
			);
			defaultConfigurationIsVisible = 0;
			defaultConfigurationName = Release;
		};
		BE531B8726B95529007028F1 /* Build configuration list for PBXNativeTarget "Im Poor" */ = {
			isa = XCConfigurationList;
			buildConfigurations = (
				BE531B8826B95529007028F1 /* Debug */,
				BE531B8926B95529007028F1 /* Release */,
			);
			defaultConfigurationIsVisible = 0;
			defaultConfigurationName = Release;
		};
		BE531B8A26B95529007028F1 /* Build configuration list for PBXNativeTarget "Im PoorTests" */ = {
			isa = XCConfigurationList;
			buildConfigurations = (
				BE531B8B26B95529007028F1 /* Debug */,
				BE531B8C26B95529007028F1 /* Release */,
			);
			defaultConfigurationIsVisible = 0;
			defaultConfigurationName = Release;
		};
		BE531B8D26B95529007028F1 /* Build configuration list for PBXNativeTarget "Im PoorUITests" */ = {
			isa = XCConfigurationList;
			buildConfigurations = (
				BE531B8E26B95529007028F1 /* Debug */,
				BE531B8F26B95529007028F1 /* Release */,
			);
			defaultConfigurationIsVisible = 0;
			defaultConfigurationName = Release;
		};
/* End XCConfigurationList section */
	};
	rootObject = BE531B5526B95523007028F1 /* Project object */;
}
